
Microsoft Visual Studio Solution File, Format Version 11.00
# Visual Studio 2010
Project("{8BC9CEB8-8B4A-11D0-8D11-00A0C91BC942}") = "AtlasGenerator", "AtlasGenerator.vcxproj", "{BE83A88F-6F57-B25D-5AFC-49F2081DD213}"
EndProject
Global
	GlobalSection(SolutionConfigurationPlatforms) = preSolution
		Debug|Win32 = Debug|Win32
		Release|Win32 = Release|Win32
	EndGlobalSection
	GlobalSection(ProjectConfigurationPlatforms) = postSolution
		{BE83A88F-6F57-B25D-5AFC-49F2081DD213}.Debug|Win32.ActiveCfg = Debug|Win32
		{BE83A88F-6F57-B25D-5AFC-49F2081DD213}.Debug|Win32.Build.0 = Debug|Win32
		{BE83A88F-6F57-B25D-5AFC-49F2081DD213}.Release|Win32.ActiveCfg = Release|Win32
		{BE83A88F-6F57-B25D-5AFC-49F2081DD213}.Release|Win32.Build.0 = Release|Win32
	EndGlobalSection
	GlobalSection(SolutionProperties) = preSolution
		HideSolutionNode = FALSE
	EndGlobalSection
EndGlobal
